
Microsoft Visual Studio Solution File, Format Version 12.00
# Visual Studio 14
VisualStudioVersion = 14.0.25420.1
MinimumVisualStudioVersion = 10.0.40219.1
Project("{FAE04EC0-301F-11D3-BF4B-00C04F79EFBC}") = "HamburgerMenu", "HamburgerMenu\HamburgerMenu.csproj", "{CF1B7D25-4744-4B04-B725-7F2D8223806B}"
EndProject
Project("{FAE04EC0-301F-11D3-BF4B-00C04F79EFBC}") = "Shell", "Shell\Shell.csproj", "{A50655FF-0700-4F43-9DFC-96E56CF4C497}"
EndProject
Global
	GlobalSection(SolutionConfigurationPlatforms) = preSolution
		Debug|Any CPU = Debug|Any CPU
		Debug|x86 = Debug|x86
		Release|Any CPU = Release|Any CPU
		Release|x86 = Release|x86
	EndGlobalSection
	GlobalSection(ProjectConfigurationPlatforms) = postSolution
		{CF1B7D25-4744-4B04-B725-7F2D8223806B}.Debug|Any CPU.ActiveCfg = Debug|Any CPU
		{CF1B7D25-4744-4B04-B725-7F2D8223806B}.Debug|Any CPU.Build.0 = Debug|Any CPU
		{CF1B7D25-4744-4B04-B725-7F2D8223806B}.Debug|x86.ActiveCfg = Debug|x86
		{CF1B7D25-4744-4B04-B725-7F2D8223806B}.Debug|x86.Build.0 = Debug|x86
		{CF1B7D25-4744-4B04-B725-7F2D8223806B}.Release|Any CPU.ActiveCfg = Release|Any CPU
		{CF1B7D25-4744-4B04-B725-7F2D8223806B}.Release|Any CPU.Build.0 = Release|Any CPU
		{CF1B7D25-4744-4B04-B725-7F2D8223806B}.Release|x86.ActiveCfg = Release|x86
		{CF1B7D25-4744-4B04-B725-7F2D8223806B}.Release|x86.Build.0 = Release|x86
		{A50655FF-0700-4F43-9DFC-96E56CF4C497}.Debug|Any CPU.ActiveCfg = Debug|Any CPU
		{A50655FF-0700-4F43-9DFC-96E56CF4C497}.Debug|Any CPU.Build.0 = Debug|Any CPU
		{A50655FF-0700-4F43-9DFC-96E56CF4C497}.Debug|x86.ActiveCfg = Debug|x86
		{A50655FF-0700-4F43-9DFC-96E56CF4C497}.Debug|x86.Build.0 = Debug|x86
		{A50655FF-0700-4F43-9DFC-96E56CF4C497}.Release|Any CPU.ActiveCfg = Release|Any CPU
		{A50655FF-0700-4F43-9DFC-96E56CF4C497}.Release|Any CPU.Build.0 = Release|Any CPU
		{A50655FF-0700-4F43-9DFC-96E56CF4C497}.Release|x86.ActiveCfg = Release|x86
		{A50655FF-0700-4F43-9DFC-96E56CF4C497}.Release|x86.Build.0 = Release|x86
	EndGlobalSection
	GlobalSection(SolutionProperties) = preSolution
		HideSolutionNode = FALSE
	EndGlobalSection
EndGlobal
